
Microsoft Visual Studio Solution File, Format Version 12.00
# Visual Studio Version 17
VisualStudioVersion = 17.4.33122.133
MinimumVisualStudioVersion = 10.0.40219.1
Project("{FAE04EC0-301F-11D3-BF4B-00C04F79EFBC}") = "RecordManagementSystem", "RecordManagementSystem\RecordManagementSystem.csproj", "{BCB9F7B7-8849-435D-A8BA-1F226920D521}"
EndProject
Global
	GlobalSection(SolutionConfigurationPlatforms) = preSolution
		Debug|Any CPU = Debug|Any CPU
		Release|Any CPU = Release|Any CPU
	EndGlobalSection
	GlobalSection(ProjectConfigurationPlatforms) = postSolution
		{BCB9F7B7-8849-435D-A8BA-1F226920D521}.Debug|Any CPU.ActiveCfg = Debug|Any CPU
		{BCB9F7B7-8849-435D-A8BA-1F226920D521}.Debug|Any CPU.Build.0 = Debug|Any CPU
		{BCB9F7B7-8849-435D-A8BA-1F226920D521}.Release|Any CPU.ActiveCfg = Release|Any CPU
		{BCB9F7B7-8849-435D-A8BA-1F226920D521}.Release|Any CPU.Build.0 = Release|Any CPU
	EndGlobalSection
	GlobalSection(SolutionProperties) = preSolution
		HideSolutionNode = FALSE
	EndGlobalSection
	GlobalSection(ExtensibilityGlobals) = postSolution
		SolutionGuid = {35DAA215-7BAE-4ECE-863E-B997A048BE9D}
	EndGlobalSection
EndGlobal
